
Microsoft Visual Studio Solution File, Format Version 12.00
# Visual Studio Version 16
VisualStudioVersion = 16.0.31702.278
MinimumVisualStudioVersion = 10.0.40219.1
Project("{FAE04EC0-301F-11D3-BF4B-00C04F79EFBC}") = "Proyecto Final DCU", "Proyecto Final DCU\Proyecto Final DCU.csproj", "{BBE0DCE2-D78B-4900-9CB0-F7BC86D5ECC5}"
EndProject
Global
	GlobalSection(SolutionConfigurationPlatforms) = preSolution
		Debug|Any CPU = Debug|Any CPU
		Release|Any CPU = Release|Any CPU
	EndGlobalSection
	GlobalSection(ProjectConfigurationPlatforms) = postSolution
		{BBE0DCE2-D78B-4900-9CB0-F7BC86D5ECC5}.Debug|Any CPU.ActiveCfg = Debug|Any CPU
		{BBE0DCE2-D78B-4900-9CB0-F7BC86D5ECC5}.Debug|Any CPU.Build.0 = Debug|Any CPU
		{BBE0DCE2-D78B-4900-9CB0-F7BC86D5ECC5}.Release|Any CPU.ActiveCfg = Release|Any CPU
		{BBE0DCE2-D78B-4900-9CB0-F7BC86D5ECC5}.Release|Any CPU.Build.0 = Release|Any CPU
	EndGlobalSection
	GlobalSection(SolutionProperties) = preSolution
		HideSolutionNode = FALSE
	EndGlobalSection
	GlobalSection(ExtensibilityGlobals) = postSolution
		SolutionGuid = {9C1615F6-5D57-44E6-B7CD-16AFFCA49088}
	EndGlobalSection
EndGlobal
